# This file is automatically @generated by Cargo.
# It is not intended for manual editing.
[[package]]
name = "adler32"
version = "1.0.3"
source = "registry+https://github.com/rust-lang/crates.io-index"
checksum = "7e522997b529f05601e05166c07ed17789691f562762c7f3b987263d2dedee5c"

[[package]]
name = "aho-corasick"
version = "0.5.3"
source = "registry+https://github.com/rust-lang/crates.io-index"
checksum = "ca972c2ea5f742bfce5687b9aef75506a764f61d37f8f649047846a9686ddb66"
dependencies = [
 "memchr",
]

[[package]]
name = "ansi_term"
version = "0.11.0"
source = "registry+https://github.com/rust-lang/crates.io-index"
checksum = "ee49baf6cb617b853aa8d93bf420db2383fab46d314482ca2803b40d5fde979b"
dependencies = [
 "winapi 0.3.4",
]

[[package]]
name = "arrayvec"
version = "0.4.7"
source = "registry+https://github.com/rust-lang/crates.io-index"
checksum = "a1e964f9e24d588183fcb43503abda40d288c8657dfc27311516ce2f05675aef"
dependencies = [
 "nodrop",
]

[[package]]
name = "atty"
version = "0.2.10"
source = "registry+https://github.com/rust-lang/crates.io-index"
checksum = "2fc4a1aa4c24c0718a250f0681885c1af91419d242f29eb8f2ab28502d80dbd1"
dependencies = [
 "libc",
 "termion",
 "winapi 0.3.4",
]

[[package]]
name = "base64"
version = "0.9.3"
source = "registry+https://github.com/rust-lang/crates.io-index"
checksum = "489d6c0ed21b11d038c31b6ceccca973e65d73ba3bd8ecb9a2babf5546164643"
dependencies = [
 "byteorder",
 "safemem",
]

[[package]]
name = "bitflags"
version = "1.0.3"
source = "registry+https://github.com/rust-lang/crates.io-index"
checksum = "d0c54bb8f454c567f21197eefcdbf5679d0bd99f2ddbe52e84c77061952e6789"

[[package]]
name = "bosun_emitter"
version = "1.2.0"
dependencies = [
 "chrono",
 "clap",
 "env_logger",
 "log 0.3.9",
 "mktemp",
 "reqwest",
 "rustc-serialize",
 "toml",
]

[[package]]
name = "build_const"
version = "0.2.1"
source = "registry+https://github.com/rust-lang/crates.io-index"
checksum = "39092a32794787acd8525ee150305ff051b0aa6cc2abaf193924f5ab05425f39"

[[package]]
name = "byteorder"
version = "1.2.3"
source = "registry+https://github.com/rust-lang/crates.io-index"
checksum = "74c0b906e9446b0a2e4f760cdb3fa4b2c48cdc6db8766a845c54b6ff063fd2e9"

[[package]]
name = "bytes"
version = "0.4.10"
source = "registry+https://github.com/rust-lang/crates.io-index"
checksum = "0ce55bd354b095246fc34caf4e9e242f5297a7fd938b090cadfea6eee614aa62"
dependencies = [
 "byteorder",
 "iovec",
]

[[package]]
name = "cc"
version = "1.0.17"
source = "registry+https://github.com/rust-lang/crates.io-index"
checksum = "49ec142f5768efb5b7622aebc3fdbdbb8950a4b9ba996393cb76ef7466e8747d"

[[package]]
name = "cfg-if"
version = "0.1.3"
source = "registry+https://github.com/rust-lang/crates.io-index"
checksum = "405216fd8fe65f718daa7102ea808a946b6ce40c742998fbfd3463645552de18"

[[package]]
name = "cfg-if"
version = "1.0.0"
source = "registry+https://github.com/rust-lang/crates.io-index"
checksum = "baf1de4339761588bc0619e3cbc0120ee582ebb74b53b4efbf79117bd2da40fd"

[[package]]
name = "chrono"
version = "0.4.2"
source = "registry+https://github.com/rust-lang/crates.io-index"
checksum = "1cce36c92cb605414e9b824f866f5babe0a0368e39ea07393b9b63cf3844c0e6"
dependencies = [
 "num-integer",
 "num-traits",
 "time",
]

[[package]]
name = "clap"
version = "2.31.2"
source = "registry+https://github.com/rust-lang/crates.io-index"
checksum = "f0f16b89cbb9ee36d87483dc939fe9f1e13c05898d56d7b230a0d4dff033a536"
dependencies = [
 "ansi_term",
 "atty",
 "bitflags",
 "strsim",
 "textwrap",
 "unicode-width",
 "vec_map",
]

[[package]]
name = "cloudabi"
version = "0.0.3"
source = "registry+https://github.com/rust-lang/crates.io-index"
checksum = "ddfc5b9aa5d4507acaf872de71051dfd0e309860e88966e1051e462a077aac4f"
dependencies = [
 "bitflags",
]

[[package]]
name = "core-foundation"
version = "0.5.1"
source = "registry+https://github.com/rust-lang/crates.io-index"
checksum = "286e0b41c3a20da26536c6000a280585d519fd07b3956b43aed8a79e9edce980"
dependencies = [
 "core-foundation-sys",
 "libc",
]

[[package]]
name = "core-foundation-sys"
version = "0.5.1"
source = "registry+https://github.com/rust-lang/crates.io-index"
checksum = "716c271e8613ace48344f723b60b900a93150271e5be206212d052bbc0883efa"
dependencies = [
 "libc",
]

[[package]]
name = "crc"
version = "1.8.1"
source = "registry+https://github.com/rust-lang/crates.io-index"
checksum = "d663548de7f5cca343f1e0a48d14dcfb0e9eb4e079ec58883b7251539fa10aeb"
dependencies = [
 "build_const",
]

[[package]]
name = "crossbeam-deque"
version = "0.6.2"
source = "registry+https://github.com/rust-lang/crates.io-index"
checksum = "4fe1b6f945f824c7a25afe44f62e25d714c0cc523f8e99d8db5cd1026e1269d3"
dependencies = [
 "crossbeam-epoch",
 "crossbeam-utils 0.6.0",
]

[[package]]
name = "crossbeam-epoch"
version = "0.6.1"
source = "registry+https://github.com/rust-lang/crates.io-index"
checksum = "2449aaa4ec7ef96e5fb24db16024b935df718e9ae1cec0a1e68feeca2efca7b8"
dependencies = [
 "arrayvec",
 "cfg-if 0.1.3",
 "crossbeam-utils 0.6.0",
 "lazy_static",
 "memoffset",
 "scopeguard",
]

[[package]]
name = "crossbeam-utils"
version = "0.5.0"
source = "registry+https://github.com/rust-lang/crates.io-index"
checksum = "677d453a17e8bd2b913fa38e8b9cf04bcdbb5be790aa294f2389661d72036015"

[[package]]
name = "crossbeam-utils"
version = "0.6.0"
source = "registry+https://github.com/rust-lang/crates.io-index"
checksum = "6efda20eef4ccf2a862d442a1e0319d568f9133e16a085a1f8126fe9b6da852d"
dependencies = [
 "cfg-if 0.1.3",
]

[[package]]
name = "dtoa"
version = "0.4.3"
source = "registry+https://github.com/rust-lang/crates.io-index"
checksum = "6d301140eb411af13d3115f9a562c85cc6b541ade9dfa314132244aaee7489dd"

[[package]]
name = "encoding_rs"
version = "0.8.10"
source = "registry+https://github.com/rust-lang/crates.io-index"
checksum = "065f4d0c826fdaef059ac45487169d918558e3cf86c9d89f6e81cf52369126e5"
dependencies = [
 "cfg-if 0.1.3",
]

[[package]]
name = "env_logger"
version = "0.3.5"
source = "registry+https://github.com/rust-lang/crates.io-index"
checksum = "15abd780e45b3ea4f76b4e9a26ff4843258dd8a3eed2775a0e7368c2e7936c2f"
dependencies = [
 "log 0.3.9",
 "regex",
]

[[package]]
name = "fnv"
version = "1.0.6"
source = "registry+https://github.com/rust-lang/crates.io-index"
checksum = "2fad85553e09a6f881f739c29f0b00b0f01357c743266d478b68951ce23285f3"

[[package]]
name = "foreign-types"
version = "0.3.2"
source = "registry+https://github.com/rust-lang/crates.io-index"
checksum = "f6f339eb8adc052cd2ca78910fda869aefa38d22d5cb648e6485e4d3fc06f3b1"
dependencies = [
 "foreign-types-shared",
]

[[package]]
name = "foreign-types-shared"
version = "0.1.1"
source = "registry+https://github.com/rust-lang/crates.io-index"
checksum = "00b0228411908ca8685dba7fc2cdd70ec9990a6e753e89b6ac91a84c40fbaf4b"

[[package]]
name = "fuchsia-zircon"
version = "0.3.3"
source = "registry+https://github.com/rust-lang/crates.io-index"
checksum = "2e9763c69ebaae630ba35f74888db465e49e259ba1bc0eda7d06f4a067615d82"
dependencies = [
 "bitflags",
 "fuchsia-zircon-sys",
]

[[package]]
name = "fuchsia-zircon-sys"
version = "0.3.3"
source = "registry+https://github.com/rust-lang/crates.io-index"
checksum = "3dcaa9ae7725d12cdb85b3ad99a434db70b468c09ded17e012d86b5c1010f7a7"

[[package]]
name = "futures"
version = "0.1.25"
source = "registry+https://github.com/rust-lang/crates.io-index"
checksum = "49e7653e374fe0d0c12de4250f0bdb60680b8c80eed558c5c7538eec9c89e21b"

[[package]]
name = "futures-cpupool"
version = "0.1.8"
source = "registry+https://github.com/rust-lang/crates.io-index"
checksum = "ab90cde24b3319636588d0c35fe03b1333857621051837ed769faefb4c2162e4"
dependencies = [
 "futures",
 "num_cpus",
]

[[package]]
name = "getrandom"
version = "0.1.16"
source = "registry+https://github.com/rust-lang/crates.io-index"
checksum = "8fc3cb4d91f53b50155bdcfd23f6a4c39ae1969c2ae85982b135750cccaf5fce"
dependencies = [
 "cfg-if 1.0.0",
 "libc",
 "wasi",
]

[[package]]
name = "h2"
version = "0.1.13"
source = "registry+https://github.com/rust-lang/crates.io-index"
checksum = "7dd33bafe2e6370e6c8eb0cf1b8c5f93390b90acde7e9b03723f166b28b648ed"
dependencies = [
 "byteorder",
 "bytes",
 "fnv",
 "futures",
 "http",
 "indexmap",
 "log 0.4.1",
 "slab",
 "string",
 "tokio-io",
]

[[package]]
name = "http"
version = "0.1.13"
source = "registry+https://github.com/rust-lang/crates.io-index"
checksum = "24f58e8c2d8e886055c3ead7b28793e1455270b5fb39650984c224bc538ba581"
dependencies = [
 "bytes",
 "fnv",
 "itoa",
]

[[package]]
name = "httparse"
version = "1.2.4"
source = "registry+https://github.com/rust-lang/crates.io-index"
checksum = "c2f407128745b78abc95c0ffbe4e5d37427fdc0d45470710cfef8c44522a2e37"

[[package]]
name = "hyper"
version = "0.12.14"
source = "registry+https://github.com/rust-lang/crates.io-index"
checksum = "2f60ae467ef4fc5eba9a34d31648c9c8ed902faf45a217f6734ce9ea64779ac7"
dependencies = [
 "bytes",
 "futures",
 "futures-cpupool",
 "h2",
 "http",
 "httparse",
 "iovec",
 "itoa",
 "log 0.4.1",
 "net2",
 "time",
 "tokio",
 "tokio-executor",
 "tokio-io",
 "tokio-reactor",
 "tokio-tcp",
 "tokio-threadpool",
 "tokio-timer",
 "want",
]

[[package]]
name = "hyper-tls"
version = "0.3.1"
source = "registry+https://github.com/rust-lang/crates.io-index"
checksum = "32cd73f14ad370d3b4d4b7dce08f69b81536c82e39fcc89731930fe5788cd661"
dependencies = [
 "bytes",
 "futures",
 "hyper",
 "native-tls",
 "tokio-io",
]

[[package]]
name = "idna"
version = "0.1.4"
source = "registry+https://github.com/rust-lang/crates.io-index"
checksum = "014b298351066f1512874135335d62a789ffe78a9974f94b43ed5621951eaf7d"
dependencies = [
 "matches",
 "unicode-bidi",
 "unicode-normalization",
]

[[package]]
name = "indexmap"
version = "1.0.2"
source = "registry+https://github.com/rust-lang/crates.io-index"
checksum = "7e81a7c05f79578dbc15793d8b619db9ba32b4577003ef3af1a91c416798c58d"

[[package]]
name = "iovec"
version = "0.1.2"
source = "registry+https://github.com/rust-lang/crates.io-index"
checksum = "dbe6e417e7d0975db6512b90796e8ce223145ac4e33c377e4a42882a0e88bb08"
dependencies = [
 "libc",
 "winapi 0.2.8",
]

[[package]]
name = "itoa"
version = "0.4.3"
source = "registry+https://github.com/rust-lang/crates.io-index"
checksum = "1306f3464951f30e30d12373d31c79fbd52d236e5e896fd92f96ec7babbbe60b"

[[package]]
name = "kernel32-sys"
version = "0.2.2"
source = "registry+https://github.com/rust-lang/crates.io-index"
checksum = "7507624b29483431c0ba2d82aece8ca6cdba9382bff4ddd0f7490560c056098d"
dependencies = [
 "winapi 0.2.8",
 "winapi-build",
]

[[package]]
name = "lazy_static"
version = "1.0.1"
source = "registry+https://github.com/rust-lang/crates.io-index"
checksum = "e6412c5e2ad9584b0b8e979393122026cdd6d2a80b933f890dcd694ddbe73739"

[[package]]
name = "lazycell"
version = "1.2.0"
source = "registry+https://github.com/rust-lang/crates.io-index"
checksum = "ddba4c30a78328befecec92fc94970e53b3ae385827d28620f0f5bb2493081e0"

[[package]]
name = "libc"
version = "0.2.81"
source = "registry+https://github.com/rust-lang/crates.io-index"
checksum = "1482821306169ec4d07f6aca392a4681f66c75c9918aa49641a2595db64053cb"

[[package]]
name = "libflate"
version = "0.1.18"
source = "registry+https://github.com/rust-lang/crates.io-index"
checksum = "21138fc6669f438ed7ae3559d5789a5f0ba32f28c1f0608d1e452b0bb06ee936"
dependencies = [
 "adler32",
 "byteorder",
 "crc",
]

[[package]]
name = "log"
version = "0.3.9"
source = "registry+https://github.com/rust-lang/crates.io-index"
checksum = "e19e8d5c34a3e0e2223db8e060f9e8264aeeb5c5fc64a4ee9965c062211c024b"
dependencies = [
 "log 0.4.1",
]

[[package]]
name = "log"
version = "0.4.1"
source = "registry+https://github.com/rust-lang/crates.io-index"
checksum = "89f010e843f2b1a31dbd316b3b8d443758bc634bed37aabade59c686d644e0a2"
dependencies = [
 "cfg-if 0.1.3",
]

[[package]]
name = "matches"
version = "0.1.6"
source = "registry+https://github.com/rust-lang/crates.io-index"
checksum = "100aabe6b8ff4e4a7e32c1c13523379802df0772b82466207ac25b013f193376"

[[package]]
name = "memchr"
version = "0.1.11"
source = "registry+https://github.com/rust-lang/crates.io-index"
checksum = "d8b629fb514376c675b98c1421e80b151d3817ac42d7c667717d282761418d20"
dependencies = [
 "libc",
]

[[package]]
name = "memoffset"
version = "0.2.1"
source = "registry+https://github.com/rust-lang/crates.io-index"
checksum = "0f9dc261e2b62d7a622bf416ea3c5245cdd5d9a7fcc428c0d06804dfce1775b3"

[[package]]
name = "mime"
version = "0.3.12"
source = "registry+https://github.com/rust-lang/crates.io-index"
checksum = "0a907b83e7b9e987032439a387e187119cddafc92d5c2aaeb1d92580a793f630"
dependencies = [
 "unicase 2.2.0",
]

[[package]]
name = "mime_guess"
version = "2.0.0-alpha.6"
source = "registry+https://github.com/rust-lang/crates.io-index"
checksum = "30de2e4613efcba1ec63d8133f344076952090c122992a903359be5a4f99c3ed"
dependencies = [
 "mime",
 "phf",
 "phf_codegen",
 "unicase 1.4.2",
]

[[package]]
name = "mio"
version = "0.6.16"
source = "registry+https://github.com/rust-lang/crates.io-index"
checksum = "71646331f2619b1026cc302f87a2b8b648d5c6dd6937846a16cc8ce0f347f432"
dependencies = [
 "fuchsia-zircon",
 "fuchsia-zircon-sys",
 "iovec",
 "kernel32-sys",
 "lazycell",
 "libc",
 "log 0.4.1",
 "miow",
 "net2",
 "slab",
 "winapi 0.2.8",
]

[[package]]
name = "miow"
version = "0.2.1"
source = "registry+https://github.com/rust-lang/crates.io-index"
checksum = "8c1f2f3b1cf331de6896aabf6e9d55dca90356cc9960cca7eaaf408a355ae919"
dependencies = [
 "kernel32-sys",
 "net2",
 "winapi 0.2.8",
 "ws2_32-sys",
]

[[package]]
name = "mktemp"
version = "0.4.1"
source = "registry+https://github.com/rust-lang/crates.io-index"
checksum = "975de676448231fcde04b9149d2543077e166b78fc29eae5aa219e7928410da2"
dependencies = [
 "uuid 0.8.1",
]

[[package]]
name = "native-tls"
version = "0.2.1"
source = "registry+https://github.com/rust-lang/crates.io-index"
checksum = "8b0a7bd714e83db15676d31caf968ad7318e9cc35f93c85a90231c8f22867549"
dependencies = [
 "lazy_static",
 "libc",
 "openssl",
 "openssl-probe",
 "openssl-sys",
 "schannel",
 "security-framework",
 "security-framework-sys",
 "tempfile",
]

[[package]]
name = "net2"
version = "0.2.33"
source = "registry+https://github.com/rust-lang/crates.io-index"
checksum = "42550d9fb7b6684a6d404d9fa7250c2eb2646df731d1c06afc06dcee9e1bcf88"
dependencies = [
 "cfg-if 0.1.3",
 "libc",
 "winapi 0.3.4",
]

[[package]]
name = "nodrop"
version = "0.1.12"
source = "registry+https://github.com/rust-lang/crates.io-index"
checksum = "9a2228dca57108069a5262f2ed8bd2e82496d2e074a06d1ccc7ce1687b6ae0a2"

[[package]]
name = "num-integer"
version = "0.1.38"
source = "registry+https://github.com/rust-lang/crates.io-index"
checksum = "6ac0ea58d64a89d9d6b7688031b3be9358d6c919badcf7fbb0527ccfd891ee45"
dependencies = [
 "num-traits",
]

[[package]]
name = "num-traits"
version = "0.2.4"
source = "registry+https://github.com/rust-lang/crates.io-index"
checksum = "775393e285254d2f5004596d69bb8bc1149754570dcc08cf30cabeba67955e28"

[[package]]
name = "num_cpus"
version = "1.8.0"
source = "registry+https://github.com/rust-lang/crates.io-index"
checksum = "c51a3322e4bca9d212ad9a158a02abc6934d005490c054a2778df73a70aa0a30"
dependencies = [
 "libc",
]

[[package]]
name = "openssl"
version = "0.10.15"
source = "registry+https://github.com/rust-lang/crates.io-index"
checksum = "5e1309181cdcbdb51bc3b6bedb33dfac2a83b3d585033d3f6d9e22e8c1928613"
dependencies = [
 "bitflags",
 "cfg-if 0.1.3",
 "foreign-types",
 "lazy_static",
 "libc",
 "openssl-sys",
]

[[package]]
name = "openssl-probe"
version = "0.1.2"
source = "registry+https://github.com/rust-lang/crates.io-index"
checksum = "77af24da69f9d9341038eba93a073b1fdaaa1b788221b00a69bce9e762cb32de"

[[package]]
name = "openssl-sys"
version = "0.9.39"
source = "registry+https://github.com/rust-lang/crates.io-index"
checksum = "278c1ad40a89aa1e741a1eed089a2f60b18fab8089c3139b542140fc7d674106"
dependencies = [
 "cc",
 "libc",
 "pkg-config",
 "vcpkg",
]

[[package]]
name = "percent-encoding"
version = "1.0.1"
source = "registry+https://github.com/rust-lang/crates.io-index"
checksum = "31010dd2e1ac33d5b46a5b413495239882813e0369f8ed8a5e266f173602f831"

[[package]]
name = "phf"
version = "0.7.23"
source = "registry+https://github.com/rust-lang/crates.io-index"
checksum = "cec29da322b242f4c3098852c77a0ca261c9c01b806cae85a5572a1eb94db9a6"
dependencies = [
 "phf_shared",
]

[[package]]
name = "phf_codegen"
version = "0.7.23"
source = "registry+https://github.com/rust-lang/crates.io-index"
checksum = "7d187f00cd98d5afbcd8898f6cf181743a449162aeb329dcd2f3849009e605ad"
dependencies = [
 "phf_generator",
 "phf_shared",
]

[[package]]
name = "phf_generator"
version = "0.7.23"
source = "registry+https://github.com/rust-lang/crates.io-index"
checksum = "03dc191feb9b08b0dc1330d6549b795b9d81aec19efe6b4a45aec8d4caee0c4b"
dependencies = [
 "phf_shared",
 "rand 0.5.5",
]

[[package]]
name = "phf_shared"
version = "0.7.23"
source = "registry+https://github.com/rust-lang/crates.io-index"
checksum = "b539898d22d4273ded07f64a05737649dc69095d92cb87c7097ec68e3f150b93"
dependencies = [
 "siphasher",
 "unicase 1.4.2",
]

[[package]]
name = "pkg-config"
version = "0.3.11"
source = "registry+https://github.com/rust-lang/crates.io-index"
checksum = "110d5ee3593dbb73f56294327fe5668bcc997897097cbc76b51e7aed3f52452f"

[[package]]
name = "ppv-lite86"
version = "0.2.10"
source = "registry+https://github.com/rust-lang/crates.io-index"
checksum = "ac74c624d6b2d21f425f752262f42188365d7b8ff1aff74c82e45136510a4857"

[[package]]
name = "rand"
version = "0.5.5"
source = "registry+https://github.com/rust-lang/crates.io-index"
checksum = "e464cd887e869cddcae8792a4ee31d23c7edd516700695608f5b98c67ee0131c"
dependencies = [
 "cloudabi",
 "fuchsia-zircon",
 "libc",
 "rand_core 0.2.2",
 "winapi 0.3.4",
]

[[package]]
name = "rand"
version = "0.7.3"
source = "registry+https://github.com/rust-lang/crates.io-index"
checksum = "6a6b1679d49b24bbfe0c803429aa1874472f50d9b363131f0e89fc356b544d03"
dependencies = [
 "getrandom",
 "libc",
 "rand_chacha",
 "rand_core 0.5.1",
 "rand_hc",
]

[[package]]
name = "rand_chacha"
version = "0.2.2"
source = "registry+https://github.com/rust-lang/crates.io-index"
checksum = "f4c8ed856279c9737206bf725bf36935d8666ead7aa69b52be55af369d193402"
dependencies = [
 "ppv-lite86",
 "rand_core 0.5.1",
]

[[package]]
name = "rand_core"
version = "0.2.2"
source = "registry+https://github.com/rust-lang/crates.io-index"
checksum = "1961a422c4d189dfb50ffa9320bf1f2a9bd54ecb92792fb9477f99a1045f3372"
dependencies = [
 "rand_core 0.3.0",
]

[[package]]
name = "rand_core"
version = "0.3.0"
source = "registry+https://github.com/rust-lang/crates.io-index"
checksum = "0905b6b7079ec73b314d4c748701f6931eb79fd97c668caa3f1899b22b32c6db"

[[package]]
name = "rand_core"
version = "0.5.1"
source = "registry+https://github.com/rust-lang/crates.io-index"
checksum = "90bde5296fc891b0cef12a6d03ddccc162ce7b2aff54160af9338f8d40df6d19"
dependencies = [
 "getrandom",
]

[[package]]
name = "rand_hc"
version = "0.2.0"
source = "registry+https://github.com/rust-lang/crates.io-index"
checksum = "ca3129af7b92a17112d59ad498c6f81eaf463253766b90396d39ea7a39d6613c"
dependencies = [
 "rand_core 0.5.1",
]

[[package]]
name = "redox_syscall"
version = "0.1.40"
source = "registry+https://github.com/rust-lang/crates.io-index"
checksum = "c214e91d3ecf43e9a4e41e578973adeb14b474f2bee858742d127af75a0112b1"

[[package]]
name = "redox_termios"
version = "0.1.1"
source = "registry+https://github.com/rust-lang/crates.io-index"
checksum = "7e891cfe48e9100a70a3b6eb652fef28920c117d366339687bd5576160db0f76"
dependencies = [
 "redox_syscall",
]

[[package]]
name = "regex"
version = "0.1.80"
source = "registry+https://github.com/rust-lang/crates.io-index"
checksum = "4fd4ace6a8cf7860714a2c2280d6c1f7e6a413486c13298bbc86fd3da019402f"
dependencies = [
 "aho-corasick",
 "memchr",
 "regex-syntax",
 "thread_local",
 "utf8-ranges",
]

[[package]]
name = "regex-syntax"
version = "0.3.9"
source = "registry+https://github.com/rust-lang/crates.io-index"
checksum = "f9ec002c35e86791825ed294b50008eea9ddfc8def4420124fbc6b08db834957"

[[package]]
name = "remove_dir_all"
version = "0.5.1"
source = "registry+https://github.com/rust-lang/crates.io-index"
checksum = "3488ba1b9a2084d38645c4c08276a1752dcbf2c7130d74f1569681ad5d2799c5"
dependencies = [
 "winapi 0.3.4",
]

[[package]]
name = "reqwest"
version = "0.9.4"
source = "registry+https://github.com/rust-lang/crates.io-index"
checksum = "00a5870d8edc74fc6e1eb58edbd2815d2243e1a2255d6bf9c82a7a875901b5db"
dependencies = [
 "base64",
 "bytes",
 "encoding_rs",
 "futures",
 "http",
 "hyper",
 "hyper-tls",
 "libflate",
 "log 0.4.1",
 "mime",
 "mime_guess",
 "native-tls",
 "serde",
 "serde_json",
 "serde_urlencoded",
 "tokio",
 "tokio-io",
 "url",
 "uuid 0.7.1",
]

[[package]]
name = "rustc-serialize"
version = "0.3.24"
source = "registry+https://github.com/rust-lang/crates.io-index"
checksum = "dcf128d1287d2ea9d80910b5f1120d0b8eede3fbf1abe91c40d39ea7d51e6fda"

[[package]]
name = "ryu"
version = "0.2.7"
source = "registry+https://github.com/rust-lang/crates.io-index"
checksum = "eb9e9b8cde282a9fe6a42dd4681319bfb63f121b8a8ee9439c6f4107e58a46f7"

[[package]]
name = "safemem"
version = "0.3.0"
source = "registry+https://github.com/rust-lang/crates.io-index"
checksum = "8dca453248a96cb0749e36ccdfe2b0b4e54a61bfef89fb97ec621eb8e0a93dd9"

[[package]]
name = "schannel"
version = "0.1.14"
source = "registry+https://github.com/rust-lang/crates.io-index"
checksum = "0e1a231dc10abf6749cfa5d7767f25888d484201accbd919b66ab5413c502d56"
dependencies = [
 "lazy_static",
 "winapi 0.3.4",
]

[[package]]
name = "scopeguard"
version = "0.3.3"
source = "registry+https://github.com/rust-lang/crates.io-index"
checksum = "94258f53601af11e6a49f722422f6e3425c52b06245a5cf9bc09908b174f5e27"

[[package]]
name = "security-framework"
version = "0.2.1"
source = "registry+https://github.com/rust-lang/crates.io-index"
checksum = "697d3f3c23a618272ead9e1fb259c1411102b31c6af8b93f1d64cca9c3b0e8e0"
dependencies = [
 "core-foundation",
 "core-foundation-sys",
 "libc",
 "security-framework-sys",
]

[[package]]
name = "security-framework-sys"
version = "0.2.1"
source = "registry+https://github.com/rust-lang/crates.io-index"
checksum = "ab01dfbe5756785b5b4d46e0289e5a18071dfa9a7c2b24213ea00b9ef9b665bf"
dependencies = [
 "core-foundation-sys",
 "libc",
]

[[package]]
name = "serde"
version = "1.0.80"
source = "registry+https://github.com/rust-lang/crates.io-index"
checksum = "15c141fc7027dd265a47c090bf864cf62b42c4d228bbcf4e51a0c9e2b0d3f7ef"

[[package]]
name = "serde_json"
version = "1.0.33"
source = "registry+https://github.com/rust-lang/crates.io-index"
checksum = "c37ccd6be3ed1fdf419ee848f7c758eb31b054d7cd3ae3600e3bae0adf569811"
dependencies = [
 "itoa",
 "ryu",
 "serde",
]

[[package]]
name = "serde_urlencoded"
version = "0.5.3"
source = "registry+https://github.com/rust-lang/crates.io-index"
checksum = "aaed41d9fb1e2f587201b863356590c90c1157495d811430a0c0325fe8169650"
dependencies = [
 "dtoa",
 "itoa",
 "serde",
 "url",
]

[[package]]
name = "siphasher"
version = "0.2.3"
source = "registry+https://github.com/rust-lang/crates.io-index"
checksum = "0b8de496cf83d4ed58b6be86c3a275b8602f6ffe98d3024a869e124147a9a3ac"

[[package]]
name = "slab"
version = "0.4.1"
source = "registry+https://github.com/rust-lang/crates.io-index"
checksum = "5f9776d6b986f77b35c6cf846c11ad986ff128fe0b2b63a3628e3755e8d3102d"

[[package]]
name = "string"
version = "0.1.1"
source = "registry+https://github.com/rust-lang/crates.io-index"
checksum = "00caf261d6f90f588f8450b8e1230fa0d5be49ee6140fdfbcb55335aff350970"

[[package]]
name = "strsim"
version = "0.7.0"
source = "registry+https://github.com/rust-lang/crates.io-index"
checksum = "bb4f380125926a99e52bc279241539c018323fab05ad6368b56f93d9369ff550"

[[package]]
name = "tempfile"
version = "3.0.4"
source = "registry+https://github.com/rust-lang/crates.io-index"
checksum = "55c1195ef8513f3273d55ff59fe5da6940287a0d7a98331254397f464833675b"
dependencies = [
 "cfg-if 0.1.3",
 "libc",
 "rand 0.5.5",
 "redox_syscall",
 "remove_dir_all",
 "winapi 0.3.4",
]

[[package]]
name = "termion"
version = "1.5.1"
source = "registry+https://github.com/rust-lang/crates.io-index"
checksum = "689a3bdfaab439fd92bc87df5c4c78417d3cbe537487274e9b0b2dce76e92096"
dependencies = [
 "libc",
 "redox_syscall",
 "redox_termios",
]

[[package]]
name = "textwrap"
version = "0.9.0"
source = "registry+https://github.com/rust-lang/crates.io-index"
checksum = "c0b59b6b4b44d867f1370ef1bd91bfb262bf07bf0ae65c202ea2fbc16153b693"
dependencies = [
 "unicode-width",
]

[[package]]
name = "thread-id"
version = "2.0.0"
source = "registry+https://github.com/rust-lang/crates.io-index"
checksum = "a9539db560102d1cef46b8b78ce737ff0bb64e7e18d35b2a5688f7d097d0ff03"
dependencies = [
 "kernel32-sys",
 "libc",
]

[[package]]
name = "thread_local"
version = "0.2.7"
source = "registry+https://github.com/rust-lang/crates.io-index"
checksum = "8576dbbfcaef9641452d5cf0df9b0e7eeab7694956dd33bb61515fb8f18cfdd5"
dependencies = [
 "thread-id",
]

[[package]]
name = "time"
version = "0.1.40"
source = "registry+https://github.com/rust-lang/crates.io-index"
checksum = "d825be0eb33fda1a7e68012d51e9c7f451dc1a69391e7fdc197060bb8c56667b"
dependencies = [
 "libc",
 "redox_syscall",
 "winapi 0.3.4",
]

[[package]]
name = "tokio"
version = "0.1.7"
source = "registry+https://github.com/rust-lang/crates.io-index"
checksum = "8ee337e5f4e501fc32966fec6fe0ca0cc1c237b0b1b14a335f8bfe3c5f06e286"
dependencies = [
 "futures",
 "mio",
 "tokio-executor",
 "tokio-fs",
 "tokio-io",
 "tokio-reactor",
 "tokio-tcp",
 "tokio-threadpool",
 "tokio-timer",
 "tokio-udp",
]

[[package]]
name = "tokio-codec"
version = "0.1.1"
source = "registry+https://github.com/rust-lang/crates.io-index"
checksum = "5c501eceaf96f0e1793cf26beb63da3d11c738c4a943fdf3746d81d64684c39f"
dependencies = [
 "bytes",
 "futures",
 "tokio-io",
]

[[package]]
name = "tokio-executor"
version = "0.1.5"
source = "registry+https://github.com/rust-lang/crates.io-index"
checksum = "c117b6cf86bb730aab4834f10df96e4dd586eff2c3c27d3781348da49e255bde"
dependencies = [
 "futures",
]

[[package]]
name = "tokio-fs"
version = "0.1.4"
source = "registry+https://github.com/rust-lang/crates.io-index"
checksum = "60ae25f6b17d25116d2cba342083abe5255d3c2c79cb21ea11aa049c53bf7c75"
dependencies = [
 "futures",
 "tokio-io",
 "tokio-threadpool",
]

[[package]]
name = "tokio-io"
version = "0.1.10"
source = "registry+https://github.com/rust-lang/crates.io-index"
checksum = "7392fe0a70d5ce0c882c4778116c519bd5dbaa8a7c3ae3d04578b3afafdcda21"
dependencies = [
 "bytes",
 "futures",
 "log 0.4.1",
]

[[package]]
name = "tokio-reactor"
version = "0.1.3"
source = "registry+https://github.com/rust-lang/crates.io-index"
checksum = "8703a5762ff6913510dc64272c714c4389ffd8c4b3cf602879b8bd14ff06b604"
dependencies = [
 "futures",
 "log 0.4.1",
 "mio",
 "slab",
 "tokio-executor",
 "tokio-io",
]

[[package]]
name = "tokio-tcp"
version = "0.1.2"
source = "registry+https://github.com/rust-lang/crates.io-index"
checksum = "7ad235e9dadd126b2d47f6736f65aa1fdcd6420e66ca63f44177bc78df89f912"
dependencies = [
 "bytes",
 "futures",
 "iovec",
 "mio",
 "tokio-io",
 "tokio-reactor",
]

[[package]]
name = "tokio-threadpool"
version = "0.1.8"
source = "registry+https://github.com/rust-lang/crates.io-index"
checksum = "3929aee321c9220ed838ed6c3928be7f9b69986b0e3c22c972a66dbf8a298c68"
dependencies = [
 "crossbeam-deque",
 "crossbeam-utils 0.5.0",
 "futures",
 "log 0.4.1",
 "num_cpus",
 "rand 0.5.5",
 "tokio-executor",
]

[[package]]
name = "tokio-timer"
version = "0.2.7"
source = "registry+https://github.com/rust-lang/crates.io-index"
checksum = "3a52f00c97fedb6d535d27f65cccb7181c8dd4c6edc3eda9ea93f6d45d05168e"
dependencies = [
 "crossbeam-utils 0.5.0",
 "futures",
 "slab",
 "tokio-executor",
]

[[package]]
name = "tokio-udp"
version = "0.1.2"
source = "registry+https://github.com/rust-lang/crates.io-index"
checksum = "da941144b816d0dcda4db3a1ba87596e4df5e860a72b70783fe435891f80601c"
dependencies = [
 "bytes",
 "futures",
 "log 0.4.1",
 "mio",
 "tokio-codec",
 "tokio-io",
 "tokio-reactor",
]

[[package]]
name = "toml"
version = "0.1.30"
source = "registry+https://github.com/rust-lang/crates.io-index"
checksum = "0590d72182e50e879c4da3b11c6488dae18fccb1ae0c7a3eda18e16795844796"
dependencies = [
 "rustc-serialize",
]

[[package]]
name = "try-lock"
version = "0.2.2"
source = "registry+https://github.com/rust-lang/crates.io-index"
checksum = "e604eb7b43c06650e854be16a2a03155743d3752dd1c943f6829e26b7a36e382"

[[package]]
name = "unicase"
version = "1.4.2"
source = "registry+https://github.com/rust-lang/crates.io-index"
checksum = "7f4765f83163b74f957c797ad9253caf97f103fb064d3999aea9568d09fc8a33"
dependencies = [
 "version_check",
]

[[package]]
name = "unicase"
version = "2.2.0"
source = "registry+https://github.com/rust-lang/crates.io-index"
checksum = "9d3218ea14b4edcaccfa0df0a64a3792a2c32cc706f1b336e48867f9d3147f90"
dependencies = [
 "version_check",
]

[[package]]
name = "unicode-bidi"
version = "0.3.4"
source = "registry+https://github.com/rust-lang/crates.io-index"
checksum = "49f2bd0c6468a8230e1db229cff8029217cf623c767ea5d60bfbd42729ea54d5"
dependencies = [
 "matches",
]

[[package]]
name = "unicode-normalization"
version = "0.1.7"
source = "registry+https://github.com/rust-lang/crates.io-index"
checksum = "6a0180bc61fc5a987082bfa111f4cc95c4caff7f9799f3e46df09163a937aa25"

[[package]]
name = "unicode-width"
version = "0.1.5"
source = "registry+https://github.com/rust-lang/crates.io-index"
checksum = "882386231c45df4700b275c7ff55b6f3698780a650026380e72dabe76fa46526"

[[package]]
name = "url"
version = "1.7.0"
source = "registry+https://github.com/rust-lang/crates.io-index"
checksum = "f808aadd8cfec6ef90e4a14eb46f24511824d1ac596b9682703c87056c8678b7"
dependencies = [
 "idna",
 "matches",
 "percent-encoding",
]

[[package]]
name = "utf8-ranges"
version = "0.1.3"
source = "registry+https://github.com/rust-lang/crates.io-index"
checksum = "a1ca13c08c41c9c3e04224ed9ff80461d97e121589ff27c753a16cb10830ae0f"

[[package]]
name = "uuid"
version = "0.7.1"
source = "registry+https://github.com/rust-lang/crates.io-index"
checksum = "dab5c5526c5caa3d106653401a267fed923e7046f35895ffcb5ca42db64942e6"
dependencies = [
 "rand 0.5.5",
]

[[package]]
name = "uuid"
version = "0.8.1"
source = "registry+https://github.com/rust-lang/crates.io-index"
checksum = "9fde2f6a4bea1d6e007c4ad38c6839fa71cbb63b6dbf5b595aa38dc9b1093c11"
dependencies = [
 "rand 0.7.3",
]

[[package]]
name = "vcpkg"
version = "0.2.3"
source = "registry+https://github.com/rust-lang/crates.io-index"
checksum = "7ed0f6789c8a85ca41bbc1c9d175422116a9869bd1cf31bb08e1493ecce60380"

[[package]]
name = "vec_map"
version = "0.8.1"
source = "registry+https://github.com/rust-lang/crates.io-index"
checksum = "05c78687fb1a80548ae3250346c3db86a80a7cdd77bda190189f2d0a0987c81a"

[[package]]
name = "version_check"
version = "0.1.3"
source = "registry+https://github.com/rust-lang/crates.io-index"
checksum = "6b772017e347561807c1aa192438c5fd74242a670a6cffacc40f2defd1dc069d"

[[package]]
name = "want"
version = "0.0.6"
source = "registry+https://github.com/rust-lang/crates.io-index"
checksum = "797464475f30ddb8830cc529aaaae648d581f99e2036a928877dfde027ddf6b3"
dependencies = [
 "futures",
 "log 0.4.1",
 "try-lock",
]

[[package]]
name = "wasi"
version = "0.9.0+wasi-snapshot-preview1"
source = "registry+https://github.com/rust-lang/crates.io-index"
checksum = "cccddf32554fecc6acb585f82a32a72e28b48f8c4c1883ddfeeeaa96f7d8e519"

[[package]]
name = "winapi"
version = "0.2.8"
source = "registry+https://github.com/rust-lang/crates.io-index"
checksum = "167dc9d6949a9b857f3451275e911c3f44255842c1f7a76f33c55103a909087a"

[[package]]
name = "winapi"
version = "0.3.4"
source = "registry+https://github.com/rust-lang/crates.io-index"
checksum = "04e3bd221fcbe8a271359c04f21a76db7d0c6028862d1bb5512d85e1e2eb5bb3"
dependencies = [
 "winapi-i686-pc-windows-gnu",
 "winapi-x86_64-pc-windows-gnu",
]

[[package]]
name = "winapi-build"
version = "0.1.1"
source = "registry+https://github.com/rust-lang/crates.io-index"
checksum = "2d315eee3b34aca4797b2da6b13ed88266e6d612562a0c46390af8299fc699bc"

[[package]]
name = "winapi-i686-pc-windows-gnu"
version = "0.4.0"
source = "registry+https://github.com/rust-lang/crates.io-index"
checksum = "ac3b87c63620426dd9b991e5ce0329eff545bccbbb34f3be09ff6fb6ab51b7b6"

[[package]]
name = "winapi-x86_64-pc-windows-gnu"
version = "0.4.0"
source = "registry+https://github.com/rust-lang/crates.io-index"
checksum = "712e227841d057c1ee1cd2fb22fa7e5a5461ae8e48fa2ca79ec42cfc1931183f"

[[package]]
name = "ws2_32-sys"
version = "0.2.1"
source = "registry+https://github.com/rust-lang/crates.io-index"
checksum = "d59cefebd0c892fa2dd6de581e937301d8552cb44489cdff035c6187cb63fa5e"
dependencies = [
 "winapi 0.2.8",
 "winapi-build",
]
